
Microsoft Visual Studio Solution File, Format Version 12.00
# Visual Studio Version 16
VisualStudioVersion = 16.0.32413.511
MinimumVisualStudioVersion = 10.0.40219.1
Project("{9A19103F-16F7-4668-BE54-9A1E7A4F7556}") = "ControlOne.AdminService", "ControlOne.AdminService\ControlOne.AdminService.csproj", "{6771104E-18D2-4D48-8994-50D0637DEC9E}"
EndProject
Project("{FAE04EC0-301F-11D3-BF4B-00C04F79EFBC}") = "ControlOne-Test", "ControlOne-Test\ControlOne-Test.csproj", "{CDAB94B6-B5ED-4253-9B78-A91AFB1BC451}"
EndProject
Global
	GlobalSection(SolutionConfigurationPlatforms) = preSolution
		Debug|Any CPU = Debug|Any CPU
		Release|Any CPU = Release|Any CPU
	EndGlobalSection
	GlobalSection(ProjectConfigurationPlatforms) = postSolution
		{6771104E-18D2-4D48-8994-50D0637DEC9E}.Debug|Any CPU.ActiveCfg = Debug|Any CPU
		{6771104E-18D2-4D48-8994-50D0637DEC9E}.Debug|Any CPU.Build.0 = Debug|Any CPU
		{6771104E-18D2-4D48-8994-50D0637DEC9E}.Release|Any CPU.ActiveCfg = Release|Any CPU
		{6771104E-18D2-4D48-8994-50D0637DEC9E}.Release|Any CPU.Build.0 = Release|Any CPU
		{CDAB94B6-B5ED-4253-9B78-A91AFB1BC451}.Debug|Any CPU.ActiveCfg = Debug|Any CPU
		{CDAB94B6-B5ED-4253-9B78-A91AFB1BC451}.Debug|Any CPU.Build.0 = Debug|Any CPU
		{CDAB94B6-B5ED-4253-9B78-A91AFB1BC451}.Release|Any CPU.ActiveCfg = Release|Any CPU
		{CDAB94B6-B5ED-4253-9B78-A91AFB1BC451}.Release|Any CPU.Build.0 = Release|Any CPU
	EndGlobalSection
	GlobalSection(SolutionProperties) = preSolution
		HideSolutionNode = FALSE
	EndGlobalSection
	GlobalSection(ExtensibilityGlobals) = postSolution
		SolutionGuid = {182B013E-E4C4-428C-B5DC-5170A3032974}
	EndGlobalSection
EndGlobal
